
Microsoft Visual Studio Solution File, Format Version 12.00
# Visual Studio 14
VisualStudioVersion = 14.0.25420.1
MinimumVisualStudioVersion = 10.0.40219.1
Project("{FAE04EC0-301F-11D3-BF4B-00C04F79EFBC}") = "PokemonDbCreator_APIProject", "PokemonDbCreator_APIProject\PokemonDbCreator_APIProject.csproj", "{83947E0E-FE6E-4BF9-A7C9-834A8871AE60}"
EndProject
Global
	GlobalSection(SolutionConfigurationPlatforms) = preSolution
		Debug|Any CPU = Debug|Any CPU
		Release|Any CPU = Release|Any CPU
	EndGlobalSection
	GlobalSection(ProjectConfigurationPlatforms) = postSolution
		{83947E0E-FE6E-4BF9-A7C9-834A8871AE60}.Debug|Any CPU.ActiveCfg = Debug|Any CPU
		{83947E0E-FE6E-4BF9-A7C9-834A8871AE60}.Debug|Any CPU.Build.0 = Debug|Any CPU
		{83947E0E-FE6E-4BF9-A7C9-834A8871AE60}.Release|Any CPU.ActiveCfg = Release|Any CPU
		{83947E0E-FE6E-4BF9-A7C9-834A8871AE60}.Release|Any CPU.Build.0 = Release|Any CPU
	EndGlobalSection
	GlobalSection(SolutionProperties) = preSolution
		HideSolutionNode = FALSE
	EndGlobalSection
EndGlobal
